
Microsoft Visual Studio Solution File, Format Version 12.00
# Visual Studio Version 16
VisualStudioVersion = 16.0.30503.244
MinimumVisualStudioVersion = 10.0.40219.1
Project("{FAE04EC0-301F-11D3-BF4B-00C04F79EFBC}") = "Lab3-2", "Lab3-2.csproj", "{AC9ECE20-B9BF-467A-A48E-7FA5F5854492}"
EndProject
Global
	GlobalSection(SolutionConfigurationPlatforms) = preSolution
		Debug|Any CPU = Debug|Any CPU
		Release|Any CPU = Release|Any CPU
	EndGlobalSection
	GlobalSection(ProjectConfigurationPlatforms) = postSolution
		{AC9ECE20-B9BF-467A-A48E-7FA5F5854492}.Debug|Any CPU.ActiveCfg = Debug|Any CPU
		{AC9ECE20-B9BF-467A-A48E-7FA5F5854492}.Debug|Any CPU.Build.0 = Debug|Any CPU
		{AC9ECE20-B9BF-467A-A48E-7FA5F5854492}.Release|Any CPU.ActiveCfg = Release|Any CPU
		{AC9ECE20-B9BF-467A-A48E-7FA5F5854492}.Release|Any CPU.Build.0 = Release|Any CPU
	EndGlobalSection
	GlobalSection(SolutionProperties) = preSolution
		HideSolutionNode = FALSE
	EndGlobalSection
	GlobalSection(ExtensibilityGlobals) = postSolution
		SolutionGuid = {3503A1FE-3FE8-4DB5-B3C7-A90F6A1386FD}
	EndGlobalSection
EndGlobal
