
Microsoft Visual Studio Solution File, Format Version 12.00
# Visual Studio Version 16
VisualStudioVersion = 16.0.30503.244
MinimumVisualStudioVersion = 10.0.40219.1
Project("{FAE04EC0-301F-11D3-BF4B-00C04F79EFBC}") = "WindowsFormsApp1", "WindowsFormsApp1.csproj", "{661DE883-8889-4E48-A02F-A30B2D196A40}"
EndProject
Global
	GlobalSection(SolutionConfigurationPlatforms) = preSolution
		Debug|Any CPU = Debug|Any CPU
		Release|Any CPU = Release|Any CPU
	EndGlobalSection
	GlobalSection(ProjectConfigurationPlatforms) = postSolution
		{661DE883-8889-4E48-A02F-A30B2D196A40}.Debug|Any CPU.ActiveCfg = Debug|Any CPU
		{661DE883-8889-4E48-A02F-A30B2D196A40}.Debug|Any CPU.Build.0 = Debug|Any CPU
		{661DE883-8889-4E48-A02F-A30B2D196A40}.Release|Any CPU.ActiveCfg = Release|Any CPU
		{661DE883-8889-4E48-A02F-A30B2D196A40}.Release|Any CPU.Build.0 = Release|Any CPU
	EndGlobalSection
	GlobalSection(SolutionProperties) = preSolution
		HideSolutionNode = FALSE
	EndGlobalSection
	GlobalSection(ExtensibilityGlobals) = postSolution
		SolutionGuid = {0C14D46A-6C61-4127-AC43-3F8DDD1B6595}
	EndGlobalSection
EndGlobal
