
Microsoft Visual Studio Solution File, Format Version 12.00
# Visual Studio Version 16
VisualStudioVersion = 16.0.30503.244
MinimumVisualStudioVersion = 10.0.40219.1
Project("{FAE04EC0-301F-11D3-BF4B-00C04F79EFBC}") = "lab3-1", "lab3-1.csproj", "{331538B6-39F0-47E1-986B-DF0C337EE7CB}"
EndProject
Global
	GlobalSection(SolutionConfigurationPlatforms) = preSolution
		Debug|Any CPU = Debug|Any CPU
		Release|Any CPU = Release|Any CPU
	EndGlobalSection
	GlobalSection(ProjectConfigurationPlatforms) = postSolution
		{331538B6-39F0-47E1-986B-DF0C337EE7CB}.Debug|Any CPU.ActiveCfg = Debug|Any CPU
		{331538B6-39F0-47E1-986B-DF0C337EE7CB}.Debug|Any CPU.Build.0 = Debug|Any CPU
		{331538B6-39F0-47E1-986B-DF0C337EE7CB}.Release|Any CPU.ActiveCfg = Release|Any CPU
		{331538B6-39F0-47E1-986B-DF0C337EE7CB}.Release|Any CPU.Build.0 = Release|Any CPU
	EndGlobalSection
	GlobalSection(SolutionProperties) = preSolution
		HideSolutionNode = FALSE
	EndGlobalSection
	GlobalSection(ExtensibilityGlobals) = postSolution
		SolutionGuid = {54661947-30CC-4D9E-8ED7-BCEBE28E52D8}
	EndGlobalSection
EndGlobal
